# THIS IS AN AUTOGENERATED FILE. DO NOT EDIT THIS FILE DIRECTLY.
# yarn lockfile v1


eme-encryption-scheme-polyfill@^2.0.1:
  version "2.0.1"
  resolved "https://registry.yarnpkg.com/eme-encryption-scheme-polyfill/-/eme-encryption-scheme-polyfill-2.0.1.tgz#b080b01bffd74c75c9cf8044c1cabedf3b83954f"
  integrity sha512-Wz+Ro1c0/2Wsx2RLFvTOO0m4LvYn+7cSnq3XOvRvLLBq8jbvUACH/zpU9s0/5+mQa5oaelkU69x+q0z/iWYrFA==

"js-tokens@^3.0.0 || ^4.0.0":
  version "4.0.0"
  resolved "https://registry.yarnpkg.com/js-tokens/-/js-tokens-4.0.0.tgz#19203fb59991df98e3a287050d4647cdeaf32499"
  integrity sha512-RdJUflcE3cUzKiMqQgsCu06FPu9UdIJO0beYbPhHN4k6apgJtifcoCtT9bcxOpYBtpD2kCM6Sbzg4CausW/PKQ==

keymirror@^0.1.1:
  version "0.1.1"
  resolved "https://registry.yarnpkg.com/keymirror/-/keymirror-0.1.1.tgz#918889ea13f8d0a42e7c557250eee713adc95c35"
  integrity sha1-kYiJ6hP40KQufFVyUO7nE63JXDU=

loose-envify@^1.4.0:
  version "1.4.0"
  resolved "https://registry.yarnpkg.com/loose-envify/-/loose-envify-1.4.0.tgz#71ee51fa7be4caec1a63839f7e682d8132d30caf"
  integrity sha512-lyuxPGr/Wfhrlem2CL/UcnUc1zcqKAImBDzukY7Y5F/yQiNdko6+fRLevlw1HgMySw7f611UIY408EtxRSoK3Q==
  dependencies:
    js-tokens "^3.0.0 || ^4.0.0"

object-assign@^4.1.1:
  version "4.1.1"
  resolved "https://registry.yarnpkg.com/object-assign/-/object-assign-4.1.1.tgz#2109adc7965887cfc05cbbd442cac8bfbb360863"
  integrity sha1-IQmtx5ZYh8/AXLvUQsrIv7s2CGM=

prop-types@^15.7.2:
  version "15.7.2"
  resolved "https://registry.yarnpkg.com/prop-types/-/prop-types-15.7.2.tgz#52c41e75b8c87e72b9d9360e0206b99dcbffa6c5"
  integrity sha512-8QQikdH7//R2vurIJSutZ1smHYTcLpRWEOlHnzcWHmBYrOGUysKwSsrC89BCiFj3CbrfJ/nXFdJepOVrY1GCHQ==
  dependencies:
    loose-envify "^1.4.0"
    object-assign "^4.1.1"
    react-is "^16.8.1"

react-is@^16.8.1:
  version "16.13.1"
  resolved "https://registry.yarnpkg.com/react-is/-/react-is-16.13.1.tgz#789729a4dc36de2999dc156dd6c1d9c18cea56a4"
  integrity sha512-24e6ynE2H+OKt4kqsOvNd8kBpV65zoxbA4BVsEOB3ARVWQki/DHzaUoC5KuON/BiccDaCCTZBuOcfZs70kR8bQ==

react-native-video@^5.1.0-alpha8:
  version "5.1.0-alpha8"
  resolved "https://registry.yarnpkg.com/react-native-video/-/react-native-video-5.1.0-alpha8.tgz#f0cb4cb2d74154b7916e68bef0f9b9cdcfe5f568"
  integrity sha512-RRDSxqKe2F4OtiDWKCQlwVzvcsZ/TcWQdRxeAE3wsGBmFpAYFyhCz52QkFXgQQgYUuIK6Wd+j2lVxUoLp4+R2w==
  dependencies:
    keymirror "^0.1.1"
    prop-types "^15.7.2"
    shaka-player "^2.5.9"

shaka-player@^2.5.9:
  version "2.5.16"
  resolved "https://registry.yarnpkg.com/shaka-player/-/shaka-player-2.5.16.tgz#a0dee6048308773b45931b2ce375cf1afdc9adda"
  integrity sha512-VlR8SMD/PADmUMea8wJPWW3rOu7E608cZCpcymqNlpjOH55Djgzp/24oXJFmeu929vWBR2UuFsqN3fShjI3OAw==
  dependencies:
    eme-encryption-scheme-polyfill "^2.0.1"
